
Microsoft Visual Studio Solution File, Format Version 12.00
# Visual Studio Version 17
VisualStudioVersion = 17.6.33829.357
MinimumVisualStudioVersion = 10.0.40219.1
Project("{FAE04EC0-301F-11D3-BF4B-00C04F79EFBC}") = "languagecard.api", "languagecard.api\languagecard.api.csproj", "{32E93141-56B7-4576-AB3A-62019E8C8F11}"
EndProject
Project("{E53339B2-1760-4266-BCC7-CA923CBCF16C}") = "docker-compose", "docker-compose.dcproj", "{A10E7CFD-1458-49FF-B56B-9E87BA89EF47}"
EndProject
Global
	GlobalSection(SolutionConfigurationPlatforms) = preSolution
		Debug|Any CPU = Debug|Any CPU
		Release|Any CPU = Release|Any CPU
	EndGlobalSection
	GlobalSection(ProjectConfigurationPlatforms) = postSolution
		{32E93141-56B7-4576-AB3A-62019E8C8F11}.Debug|Any CPU.ActiveCfg = Debug|Any CPU
		{32E93141-56B7-4576-AB3A-62019E8C8F11}.Debug|Any CPU.Build.0 = Debug|Any CPU
		{32E93141-56B7-4576-AB3A-62019E8C8F11}.Release|Any CPU.ActiveCfg = Release|Any CPU
		{32E93141-56B7-4576-AB3A-62019E8C8F11}.Release|Any CPU.Build.0 = Release|Any CPU
		{A10E7CFD-1458-49FF-B56B-9E87BA89EF47}.Debug|Any CPU.ActiveCfg = Debug|Any CPU
		{A10E7CFD-1458-49FF-B56B-9E87BA89EF47}.Debug|Any CPU.Build.0 = Debug|Any CPU
		{A10E7CFD-1458-49FF-B56B-9E87BA89EF47}.Release|Any CPU.ActiveCfg = Release|Any CPU
		{A10E7CFD-1458-49FF-B56B-9E87BA89EF47}.Release|Any CPU.Build.0 = Release|Any CPU
	EndGlobalSection
	GlobalSection(SolutionProperties) = preSolution
		HideSolutionNode = FALSE
	EndGlobalSection
	GlobalSection(ExtensibilityGlobals) = postSolution
		SolutionGuid = {57C3866E-5453-4545-89A1-16F065E532BD}
	EndGlobalSection
EndGlobal
